
Microsoft Visual Studio Solution File, Format Version 12.00
# Visual Studio Version 17
VisualStudioVersion = 17.5.33516.290
MinimumVisualStudioVersion = 10.0.40219.1
Project("{9A19103F-16F7-4668-BE54-9A1E7A4F7556}") = "Core.Domain", "Core.Domain\Core.Domain.csproj", "{1F3752ED-08E5-4B6E-A446-B85EF190C583}"
EndProject
Project("{9A19103F-16F7-4668-BE54-9A1E7A4F7556}") = "Core.DomainServices", "Core.DomainServices\Core.DomainServices.csproj", "{E7D2E4F8-69EE-4A1B-B6FA-513AA2E6403D}"
EndProject
Project("{9A19103F-16F7-4668-BE54-9A1E7A4F7556}") = "Infrastructure", "Infrastructure\Infrastructure.csproj", "{0A359C09-1AF4-47F5-B58E-59BDBBF938D4}"
	ProjectSection(ProjectDependencies) = postProject
		{1F3752ED-08E5-4B6E-A446-B85EF190C583} = {1F3752ED-08E5-4B6E-A446-B85EF190C583}
		{E7D2E4F8-69EE-4A1B-B6FA-513AA2E6403D} = {E7D2E4F8-69EE-4A1B-B6FA-513AA2E6403D}
	EndProjectSection
EndProject
Project("{FAE04EC0-301F-11D3-BF4B-00C04F79EFBC}") = "Portal", "Portal\Portal.csproj", "{A42A05FB-8858-4AE9-AD94-7CBBFCD36A9E}"
EndProject
Project("{FAE04EC0-301F-11D3-BF4B-00C04F79EFBC}") = "Infrastructure.Tests", "Infrastructure.Tests\Infrastructure.Tests.csproj", "{4A542C03-57A5-4667-B9FD-FD3F9A972C4A}"
EndProject
Project("{FAE04EC0-301F-11D3-BF4B-00C04F79EFBC}") = "Core.Domain.Tests", "Core.Domain.Tests\Core.Domain.Tests.csproj", "{0B7EA4FC-165E-4225-8DA5-D3C597C030A8}"
EndProject
Global
	GlobalSection(SolutionConfigurationPlatforms) = preSolution
		Debug|Any CPU = Debug|Any CPU
		Release|Any CPU = Release|Any CPU
	EndGlobalSection
	GlobalSection(ProjectConfigurationPlatforms) = postSolution
		{1F3752ED-08E5-4B6E-A446-B85EF190C583}.Debug|Any CPU.ActiveCfg = Debug|Any CPU
		{1F3752ED-08E5-4B6E-A446-B85EF190C583}.Debug|Any CPU.Build.0 = Debug|Any CPU
		{1F3752ED-08E5-4B6E-A446-B85EF190C583}.Release|Any CPU.ActiveCfg = Release|Any CPU
		{1F3752ED-08E5-4B6E-A446-B85EF190C583}.Release|Any CPU.Build.0 = Release|Any CPU
		{E7D2E4F8-69EE-4A1B-B6FA-513AA2E6403D}.Debug|Any CPU.ActiveCfg = Debug|Any CPU
		{E7D2E4F8-69EE-4A1B-B6FA-513AA2E6403D}.Debug|Any CPU.Build.0 = Debug|Any CPU
		{E7D2E4F8-69EE-4A1B-B6FA-513AA2E6403D}.Release|Any CPU.ActiveCfg = Release|Any CPU
		{E7D2E4F8-69EE-4A1B-B6FA-513AA2E6403D}.Release|Any CPU.Build.0 = Release|Any CPU
		{0A359C09-1AF4-47F5-B58E-59BDBBF938D4}.Debug|Any CPU.ActiveCfg = Debug|Any CPU
		{0A359C09-1AF4-47F5-B58E-59BDBBF938D4}.Debug|Any CPU.Build.0 = Debug|Any CPU
		{0A359C09-1AF4-47F5-B58E-59BDBBF938D4}.Release|Any CPU.ActiveCfg = Release|Any CPU
		{0A359C09-1AF4-47F5-B58E-59BDBBF938D4}.Release|Any CPU.Build.0 = Release|Any CPU
		{A42A05FB-8858-4AE9-AD94-7CBBFCD36A9E}.Debug|Any CPU.ActiveCfg = Debug|Any CPU
		{A42A05FB-8858-4AE9-AD94-7CBBFCD36A9E}.Debug|Any CPU.Build.0 = Debug|Any CPU
		{A42A05FB-8858-4AE9-AD94-7CBBFCD36A9E}.Release|Any CPU.ActiveCfg = Release|Any CPU
		{A42A05FB-8858-4AE9-AD94-7CBBFCD36A9E}.Release|Any CPU.Build.0 = Release|Any CPU
		{4A542C03-57A5-4667-B9FD-FD3F9A972C4A}.Debug|Any CPU.ActiveCfg = Debug|Any CPU
		{4A542C03-57A5-4667-B9FD-FD3F9A972C4A}.Debug|Any CPU.Build.0 = Debug|Any CPU
		{4A542C03-57A5-4667-B9FD-FD3F9A972C4A}.Release|Any CPU.ActiveCfg = Release|Any CPU
		{4A542C03-57A5-4667-B9FD-FD3F9A972C4A}.Release|Any CPU.Build.0 = Release|Any CPU
		{0B7EA4FC-165E-4225-8DA5-D3C597C030A8}.Debug|Any CPU.ActiveCfg = Debug|Any CPU
		{0B7EA4FC-165E-4225-8DA5-D3C597C030A8}.Debug|Any CPU.Build.0 = Debug|Any CPU
		{0B7EA4FC-165E-4225-8DA5-D3C597C030A8}.Release|Any CPU.ActiveCfg = Release|Any CPU
		{0B7EA4FC-165E-4225-8DA5-D3C597C030A8}.Release|Any CPU.Build.0 = Release|Any CPU
	EndGlobalSection
	GlobalSection(SolutionProperties) = preSolution
		HideSolutionNode = FALSE
	EndGlobalSection
	GlobalSection(ExtensibilityGlobals) = postSolution
		SolutionGuid = {13A5392C-4CDD-4741-B288-DBEC2FD45FFB}
	EndGlobalSection
EndGlobal
